// !$*UTF8*$!
{
	archiveVersion = 1;
	classes = {
	};
	objectVersion = 56;
	objects = {

/* Begin PBXBuildFile section */
		3118700D28D563F000C6054D /* CatDexApp.swift in Sources */ = {isa = PBXBuildFile; fileRef = 3118700C28D563F000C6054D /* CatDexApp.swift */; };
		3118700F28D563F000C6054D /* ContentView.swift in Sources */ = {isa = PBXBuildFile; fileRef = 3118700E28D563F000C6054D /* ContentView.swift */; };
		3118701128D563F200C6054D /* Assets.xcassets in Resources */ = {isa = PBXBuildFile; fileRef = 3118701028D563F200C6054D /* Assets.xcassets */; };
		3118701428D563F200C6054D /* Preview Assets.xcassets in Resources */ = {isa = PBXBuildFile; fileRef = 3118701328D563F200C6054D /* Preview Assets.xcassets */; };
		3118701C28D6321700C6054D /* Api.swift in Sources */ = {isa = PBXBuildFile; fileRef = 3118701B28D6321700C6054D /* Api.swift */; };
		3118701F28D6325300C6054D /* Cat.swift in Sources */ = {isa = PBXBuildFile; fileRef = 3118701E28D6325300C6054D /* Cat.swift */; };
		3118702128D6329A00C6054D /* Breed.swift in Sources */ = {isa = PBXBuildFile; fileRef = 3118702028D6329A00C6054D /* Breed.swift */; };
		3118702428D639FF00C6054D /* BreedListViewModel.swift in Sources */ = {isa = PBXBuildFile; fileRef = 3118702328D639FF00C6054D /* BreedListViewModel.swift */; };
		3118702B28D63C8400C6054D /* BreedList.swift in Sources */ = {isa = PBXBuildFile; fileRef = 3118702A28D63C8400C6054D /* BreedList.swift */; };
		3118703228D6698800C6054D /* Colors.swift in Sources */ = {isa = PBXBuildFile; fileRef = 3118703128D6698800C6054D /* Colors.swift */; };
		3118703428D673B600C6054D /* BreedCard.swift in Sources */ = {isa = PBXBuildFile; fileRef = 3118703328D673B600C6054D /* BreedCard.swift */; };
/* End PBXBuildFile section */

/* Begin PBXFileReference section */
		3118700928D563F000C6054D /* CatDex.app */ = {isa = PBXFileReference; explicitFileType = wrapper.application; includeInIndex = 0; path = CatDex.app; sourceTree = BUILT_PRODUCTS_DIR; };
		3118700C28D563F000C6054D /* CatDexApp.swift */ = {isa = PBXFileReference; lastKnownFileType = sourcecode.swift; path = CatDexApp.swift; sourceTree = "<group>"; };
		3118700E28D563F000C6054D /* ContentView.swift */ = {isa = PBXFileReference; lastKnownFileType = sourcecode.swift; path = ContentView.swift; sourceTree = "<group>"; };
		3118701028D563F200C6054D /* Assets.xcassets */ = {isa = PBXFileReference; lastKnownFileType = folder.assetcatalog; path = Assets.xcassets; sourceTree = "<group>"; };
		3118701328D563F200C6054D /* Preview Assets.xcassets */ = {isa = PBXFileReference; lastKnownFileType = folder.assetcatalog; path = "Preview Assets.xcassets"; sourceTree = "<group>"; };
		3118701B28D6321700C6054D /* Api.swift */ = {isa = PBXFileReference; lastKnownFileType = sourcecode.swift; path = Api.swift; sourceTree = "<group>"; };
		3118701E28D6325300C6054D /* Cat.swift */ = {isa = PBXFileReference; lastKnownFileType = sourcecode.swift; path = Cat.swift; sourceTree = "<group>"; };
		3118702028D6329A00C6054D /* Breed.swift */ = {isa = PBXFileReference; lastKnownFileType = sourcecode.swift; path = Breed.swift; sourceTree = "<group>"; };
		3118702328D639FF00C6054D /* BreedListViewModel.swift */ = {isa = PBXFileReference; lastKnownFileType = sourcecode.swift; path = BreedListViewModel.swift; sourceTree = "<group>"; };
		3118702A28D63C8400C6054D /* BreedList.swift */ = {isa = PBXFileReference; lastKnownFileType = sourcecode.swift; path = BreedList.swift; sourceTree = "<group>"; };
		3118703128D6698800C6054D /* Colors.swift */ = {isa = PBXFileReference; lastKnownFileType = sourcecode.swift; path = Colors.swift; sourceTree = "<group>"; };
		3118703328D673B600C6054D /* BreedCard.swift */ = {isa = PBXFileReference; lastKnownFileType = sourcecode.swift; path = BreedCard.swift; sourceTree = "<group>"; };
/* End PBXFileReference section */

/* Begin PBXFrameworksBuildPhase section */
		3118700628D563F000C6054D /* Frameworks */ = {
			isa = PBXFrameworksBuildPhase;
			buildActionMask = 2147483647;
			files = (
			);
			runOnlyForDeploymentPostprocessing = 0;
		};
/* End PBXFrameworksBuildPhase section */

/* Begin PBXGroup section */
		3118700028D563F000C6054D = {
			isa = PBXGroup;
			children = (
				3118700B28D563F000C6054D /* CatDex */,
				3118700A28D563F000C6054D /* Products */,
			);
			sourceTree = "<group>";
		};
		3118700A28D563F000C6054D /* Products */ = {
			isa = PBXGroup;
			children = (
				3118700928D563F000C6054D /* CatDex.app */,
			);
			name = Products;
			sourceTree = "<group>";
		};
		3118700B28D563F000C6054D /* CatDex */ = {
			isa = PBXGroup;
			children = (
				3118703028D6697A00C6054D /* Util */,
				3118702528D63BB200C6054D /* Views */,
				3118702228D639D600C6054D /* ViewModels */,
				3118701D28D6324400C6054D /* Models */,
				3118701A28D631C300C6054D /* Services */,
				3118700C28D563F000C6054D /* CatDexApp.swift */,
				3118700E28D563F000C6054D /* ContentView.swift */,
				3118701028D563F200C6054D /* Assets.xcassets */,
				3118701228D563F200C6054D /* Preview Content */,
			);
			path = CatDex;
			sourceTree = "<group>";
		};
		3118701228D563F200C6054D /* Preview Content */ = {
			isa = PBXGroup;
			children = (
				3118701328D563F200C6054D /* Preview Assets.xcassets */,
			);
			path = "Preview Content";
			sourceTree = "<group>";
		};
		3118701A28D631C300C6054D /* Services */ = {
			isa = PBXGroup;
			children = (
				3118701B28D6321700C6054D /* Api.swift */,
			);
			path = Services;
			sourceTree = "<group>";
		};
		3118701D28D6324400C6054D /* Models */ = {
			isa = PBXGroup;
			children = (
				3118701E28D6325300C6054D /* Cat.swift */,
				3118702028D6329A00C6054D /* Breed.swift */,
			);
			path = Models;
			sourceTree = "<group>";
		};
		3118702228D639D600C6054D /* ViewModels */ = {
			isa = PBXGroup;
			children = (
				3118702328D639FF00C6054D /* BreedListViewModel.swift */,
			);
			path = ViewModels;
			sourceTree = "<group>";
		};
		3118702528D63BB200C6054D /* Views */ = {
			isa = PBXGroup;
			children = (
				3118702A28D63C8400C6054D /* BreedList.swift */,
				3118703328D673B600C6054D /* BreedCard.swift */,
			);
			path = Views;
			sourceTree = "<group>";
		};
		3118703028D6697A00C6054D /* Util */ = {
			isa = PBXGroup;
			children = (
				3118703128D6698800C6054D /* Colors.swift */,
			);
			path = Util;
			sourceTree = "<group>";
		};
/* End PBXGroup section */

/* Begin PBXNativeTarget section */
		3118700828D563F000C6054D /* CatDex */ = {
			isa = PBXNativeTarget;
			buildConfigurationList = 3118701728D563F200C6054D /* Build configuration list for PBXNativeTarget "CatDex" */;
			buildPhases = (
				3118700528D563F000C6054D /* Sources */,
				3118700628D563F000C6054D /* Frameworks */,
				3118700728D563F000C6054D /* Resources */,
			);
			buildRules = (
			);
			dependencies = (
			);
			name = CatDex;
			productName = CatDex;
			productReference = 3118700928D563F000C6054D /* CatDex.app */;
			productType = "com.apple.product-type.application";
		};
/* End PBXNativeTarget section */

/* Begin PBXProject section */
		3118700128D563F000C6054D /* Project object */ = {
			isa = PBXProject;
			attributes = {
				BuildIndependentTargetsInParallel = 1;
				LastSwiftUpdateCheck = 1400;
				LastUpgradeCheck = 1400;
				TargetAttributes = {
					3118700828D563F000C6054D = {
						CreatedOnToolsVersion = 14.0;
					};
				};
			};
			buildConfigurationList = 3118700428D563F000C6054D /* Build configuration list for PBXProject "CatDex" */;
			compatibilityVersion = "Xcode 14.0";
			developmentRegion = en;
			hasScannedForEncodings = 0;
			knownRegions = (
				en,
				Base,
			);
			mainGroup = 3118700028D563F000C6054D;
			productRefGroup = 3118700A28D563F000C6054D /* Products */;
			projectDirPath = "";
			projectRoot = "";
			targets = (
				3118700828D563F000C6054D /* CatDex */,
			);
		};
/* End PBXProject section */

/* Begin PBXResourcesBuildPhase section */
		3118700728D563F000C6054D /* Resources */ = {
			isa = PBXResourcesBuildPhase;
			buildActionMask = 2147483647;
			files = (
				3118701428D563F200C6054D /* Preview Assets.xcassets in Resources */,
				3118701128D563F200C6054D /* Assets.xcassets in Resources */,
			);
			runOnlyForDeploymentPostprocessing = 0;
		};
/* End PBXResourcesBuildPhase section */

/* Begin PBXSourcesBuildPhase section */
		3118700528D563F000C6054D /* Sources */ = {
			isa = PBXSourcesBuildPhase;
			buildActionMask = 2147483647;
			files = (
				3118701F28D6325300C6054D /* Cat.swift in Sources */,
				3118703228D6698800C6054D /* Colors.swift in Sources */,
				3118702B28D63C8400C6054D /* BreedList.swift in Sources */,
				3118701C28D6321700C6054D /* Api.swift in Sources */,
				3118700F28D563F000C6054D /* ContentView.swift in Sources */,
				3118702428D639FF00C6054D /* BreedListViewModel.swift in Sources */,
				3118702128D6329A00C6054D /* Breed.swift in Sources */,
				3118700D28D563F000C6054D /* CatDexApp.swift in Sources */,
				3118703428D673B600C6054D /* BreedCard.swift in Sources */,
			);
			runOnlyForDeploymentPostprocessing = 0;
		};
/* End PBXSourcesBuildPhase section */

/* Begin XCBuildConfiguration section */
		3118701528D563F200C6054D /* Debug */ = {
			isa = XCBuildConfiguration;
			buildSettings = {
				ALWAYS_SEARCH_USER_PATHS = NO;
				CLANG_ANALYZER_NONNULL = YES;
				CLANG_ANALYZER_NUMBER_OBJECT_CONVERSION = YES_AGGRESSIVE;
				CLANG_CXX_LANGUAGE_STANDARD = "gnu++20";
				CLANG_ENABLE_MODULES = YES;
				CLANG_ENABLE_OBJC_ARC = YES;
				CLANG_ENABLE_OBJC_WEAK = YES;
				CLANG_WARN_BLOCK_CAPTURE_AUTORELEASING = YES;
				CLANG_WARN_BOOL_CONVERSION = YES;
				CLANG_WARN_COMMA = YES;
				CLANG_WARN_CONSTANT_CONVERSION = YES;
				CLANG_WARN_DEPRECATED_OBJC_IMPLEMENTATIONS = YES;
				CLANG_WARN_DIRECT_OBJC_ISA_USAGE = YES_ERROR;
				CLANG_WARN_DOCUMENTATION_COMMENTS = YES;
				CLANG_WARN_EMPTY_BODY = YES;
				CLANG_WARN_ENUM_CONVERSION = YES;
				CLANG_WARN_INFINITE_RECURSION = YES;
				CLANG_WARN_INT_CONVERSION = YES;
				CLANG_WARN_NON_LITERAL_NULL_CONVERSION = YES;
				CLANG_WARN_OBJC_IMPLICIT_RETAIN_SELF = YES;
				CLANG_WARN_OBJC_LITERAL_CONVERSION = YES;
				CLANG_WARN_OBJC_ROOT_CLASS = YES_ERROR;
				CLANG_WARN_QUOTED_INCLUDE_IN_FRAMEWORK_HEADER = YES;
				CLANG_WARN_RANGE_LOOP_ANALYSIS = YES;
				CLANG_WARN_STRICT_PROTOTYPES = YES;
				CLANG_WARN_SUSPICIOUS_MOVE = YES;
				CLANG_WARN_UNGUARDED_AVAILABILITY = YES_AGGRESSIVE;
				CLANG_WARN_UNREACHABLE_CODE = YES;
				CLANG_WARN__DUPLICATE_METHOD_MATCH = YES;
				COPY_PHASE_STRIP = NO;
				DEBUG_INFORMATION_FORMAT = dwarf;
				ENABLE_STRICT_OBJC_MSGSEND = YES;
				ENABLE_TESTABILITY = YES;
				GCC_C_LANGUAGE_STANDARD = gnu11;
				GCC_DYNAMIC_NO_PIC = NO;
				GCC_NO_COMMON_BLOCKS = YES;
				GCC_OPTIMIZATION_LEVEL = 0;
				GCC_PREPROCESSOR_DEFINITIONS = (
					"DEBUG=1",
					"$(inherited)",
				);
				GCC_WARN_64_TO_32_BIT_CONVERSION = YES;
				GCC_WARN_ABOUT_RETURN_TYPE = YES_ERROR;
				GCC_WARN_UNDECLARED_SELECTOR = YES;
				GCC_WARN_UNINITIALIZED_AUTOS = YES_AGGRESSIVE;
				GCC_WARN_UNUSED_FUNCTION = YES;
				GCC_WARN_UNUSED_VARIABLE = YES;
				IPHONEOS_DEPLOYMENT_TARGET = 16.0;
				MTL_ENABLE_DEBUG_INFO = INCLUDE_SOURCE;
				MTL_FAST_MATH = YES;
				ONLY_ACTIVE_ARCH = YES;
				SDKROOT = iphoneos;
				SWIFT_ACTIVE_COMPILATION_CONDITIONS = DEBUG;
				SWIFT_OPTIMIZATION_LEVEL = "-Onone";
			};
			name = Debug;
		};
		3118701628D563F200C6054D /* Release */ = {
			isa = XCBuildConfiguration;
			buildSettings = {
				ALWAYS_SEARCH_USER_PATHS = NO;
				CLANG_ANALYZER_NONNULL = YES;
				CLANG_ANALYZER_NUMBER_OBJECT_CONVERSION = YES_AGGRESSIVE;
				CLANG_CXX_LANGUAGE_STANDARD = "gnu++20";
				CLANG_ENABLE_MODULES = YES;
				CLANG_ENABLE_OBJC_ARC = YES;
				CLANG_ENABLE_OBJC_WEAK = YES;
				CLANG_WARN_BLOCK_CAPTURE_AUTORELEASING = YES;
				CLANG_WARN_BOOL_CONVERSION = YES;
				CLANG_WARN_COMMA = YES;
				CLANG_WARN_CONSTANT_CONVERSION = YES;
				CLANG_WARN_DEPRECATED_OBJC_IMPLEMENTATIONS = YES;
				CLANG_WARN_DIRECT_OBJC_ISA_USAGE = YES_ERROR;
				CLANG_WARN_DOCUMENTATION_COMMENTS = YES;
				CLANG_WARN_EMPTY_BODY = YES;
				CLANG_WARN_ENUM_CONVERSION = YES;
				CLANG_WARN_INFINITE_RECURSION = YES;
				CLANG_WARN_INT_CONVERSION = YES;
				CLANG_WARN_NON_LITERAL_NULL_CONVERSION = YES;
				CLANG_WARN_OBJC_IMPLICIT_RETAIN_SELF = YES;
				CLANG_WARN_OBJC_LITERAL_CONVERSION = YES;
				CLANG_WARN_OBJC_ROOT_CLASS = YES_ERROR;
				CLANG_WARN_QUOTED_INCLUDE_IN_FRAMEWORK_HEADER = YES;
				CLANG_WARN_RANGE_LOOP_ANALYSIS = YES;
				CLANG_WARN_STRICT_PROTOTYPES = YES;
				CLANG_WARN_SUSPICIOUS_MOVE = YES;
				CLANG_WARN_UNGUARDED_AVAILABILITY = YES_AGGRESSIVE;
				CLANG_WARN_UNREACHABLE_CODE = YES;
				CLANG_WARN__DUPLICATE_METHOD_MATCH = YES;
				COPY_PHASE_STRIP = NO;
				DEBUG_INFORMATION_FORMAT = "dwarf-with-dsym";
				ENABLE_NS_ASSERTIONS = NO;
				ENABLE_STRICT_OBJC_MSGSEND = YES;
				GCC_C_LANGUAGE_STANDARD = gnu11;
				GCC_NO_COMMON_BLOCKS = YES;
				GCC_WARN_64_TO_32_BIT_CONVERSION = YES;
				GCC_WARN_ABOUT_RETURN_TYPE = YES_ERROR;
				GCC_WARN_UNDECLARED_SELECTOR = YES;
				GCC_WARN_UNINITIALIZED_AUTOS = YES_AGGRESSIVE;
				GCC_WARN_UNUSED_FUNCTION = YES;
				GCC_WARN_UNUSED_VARIABLE = YES;
				IPHONEOS_DEPLOYMENT_TARGET = 16.0;
				MTL_ENABLE_DEBUG_INFO = NO;
				MTL_FAST_MATH = YES;
				SDKROOT = iphoneos;
				SWIFT_COMPILATION_MODE = wholemodule;
				SWIFT_OPTIMIZATION_LEVEL = "-O";
				VALIDATE_PRODUCT = YES;
			};
			name = Release;
		};
		3118701828D563F200C6054D /* Debug */ = {
			isa = XCBuildConfiguration;
			buildSettings = {
				ASSETCATALOG_COMPILER_APPICON_NAME = AppIcon;
				ASSETCATALOG_COMPILER_GLOBAL_ACCENT_COLOR_NAME = AccentColor;
				CODE_SIGN_STYLE = Automatic;
				CURRENT_PROJECT_VERSION = 1;
				DEVELOPMENT_ASSET_PATHS = "\"CatDex/Preview Content\"";
				DEVELOPMENT_TEAM = F5H2L3L25L;
				ENABLE_PREVIEWS = YES;
				GENERATE_INFOPLIST_FILE = YES;
				INFOPLIST_KEY_UIApplicationSceneManifest_Generation = YES;
				INFOPLIST_KEY_UIApplicationSupportsIndirectInputEvents = YES;
				INFOPLIST_KEY_UILaunchScreen_Generation = YES;
				INFOPLIST_KEY_UISupportedInterfaceOrientations_iPad = "UIInterfaceOrientationPortrait UIInterfaceOrientationPortraitUpsideDown UIInterfaceOrientationLandscapeLeft UIInterfaceOrientationLandscapeRight";
				INFOPLIST_KEY_UISupportedInterfaceOrientations_iPhone = "UIInterfaceOrientationPortrait UIInterfaceOrientationLandscapeLeft UIInterfaceOrientationLandscapeRight";
				IPHONEOS_DEPLOYMENT_TARGET = 15.0;
				LD_RUNPATH_SEARCH_PATHS = (
					"$(inherited)",
					"@executable_path/Frameworks",
				);
				MARKETING_VERSION = 1.0;
				PRODUCT_BUNDLE_IDENTIFIER = br.com.hugopaulista.CatDex;
				PRODUCT_NAME = "$(TARGET_NAME)";
				SWIFT_EMIT_LOC_STRINGS = YES;
				SWIFT_VERSION = 5.0;
				TARGETED_DEVICE_FAMILY = "1,2";
			};
			name = Debug;
		};
		3118701928D563F200C6054D /* Release */ = {
			isa = XCBuildConfiguration;
			buildSettings = {
				ASSETCATALOG_COMPILER_APPICON_NAME = AppIcon;
				ASSETCATALOG_COMPILER_GLOBAL_ACCENT_COLOR_NAME = AccentColor;
				CODE_SIGN_STYLE = Automatic;
				CURRENT_PROJECT_VERSION = 1;
				DEVELOPMENT_ASSET_PATHS = "\"CatDex/Preview Content\"";
				DEVELOPMENT_TEAM = F5H2L3L25L;
				ENABLE_PREVIEWS = YES;
				GENERATE_INFOPLIST_FILE = YES;
				INFOPLIST_KEY_UIApplicationSceneManifest_Generation = YES;
				INFOPLIST_KEY_UIApplicationSupportsIndirectInputEvents = YES;
				INFOPLIST_KEY_UILaunchScreen_Generation = YES;
				INFOPLIST_KEY_UISupportedInterfaceOrientations_iPad = "UIInterfaceOrientationPortrait UIInterfaceOrientationPortraitUpsideDown UIInterfaceOrientationLandscapeLeft UIInterfaceOrientationLandscapeRight";
				INFOPLIST_KEY_UISupportedInterfaceOrientations_iPhone = "UIInterfaceOrientationPortrait UIInterfaceOrientationLandscapeLeft UIInterfaceOrientationLandscapeRight";
				IPHONEOS_DEPLOYMENT_TARGET = 15.0;
				LD_RUNPATH_SEARCH_PATHS = (
					"$(inherited)",
					"@executable_path/Frameworks",
				);
				MARKETING_VERSION = 1.0;
				PRODUCT_BUNDLE_IDENTIFIER = br.com.hugopaulista.CatDex;
				PRODUCT_NAME = "$(TARGET_NAME)";
				SWIFT_EMIT_LOC_STRINGS = YES;
				SWIFT_VERSION = 5.0;
				TARGETED_DEVICE_FAMILY = "1,2";
			};
			name = Release;
		};
/* End XCBuildConfiguration section */

/* Begin XCConfigurationList section */
		3118700428D563F000C6054D /* Build configuration list for PBXProject "CatDex" */ = {
			isa = XCConfigurationList;
			buildConfigurations = (
				3118701528D563F200C6054D /* Debug */,
				3118701628D563F200C6054D /* Release */,
			);
			defaultConfigurationIsVisible = 0;
			defaultConfigurationName = Release;
		};
		3118701728D563F200C6054D /* Build configuration list for PBXNativeTarget "CatDex" */ = {
			isa = XCConfigurationList;
			buildConfigurations = (
				3118701828D563F200C6054D /* Debug */,
				3118701928D563F200C6054D /* Release */,
			);
			defaultConfigurationIsVisible = 0;
			defaultConfigurationName = Release;
		};
/* End XCConfigurationList section */
	};
	rootObject = 3118700128D563F000C6054D /* Project object */;
}
